
Microsoft Visual Studio Solution File, Format Version 12.00
# Visual Studio Version 17
VisualStudioVersion = 17.9.34701.34
MinimumVisualStudioVersion = 10.0.40219.1
Project("{FAE04EC0-301F-11D3-BF4B-00C04F79EFBC}") = "WebApiApplication", "WebApiApplication.csproj", "{5633C20C-5628-4A33-A051-D09F8A3FD37B}"
EndProject
Global
	GlobalSection(SolutionConfigurationPlatforms) = preSolution
		Debug|Any CPU = Debug|Any CPU
		Release|Any CPU = Release|Any CPU
	EndGlobalSection
	GlobalSection(ProjectConfigurationPlatforms) = postSolution
		{5633C20C-5628-4A33-A051-D09F8A3FD37B}.Debug|Any CPU.ActiveCfg = Debug|Any CPU
		{5633C20C-5628-4A33-A051-D09F8A3FD37B}.Debug|Any CPU.Build.0 = Debug|Any CPU
		{5633C20C-5628-4A33-A051-D09F8A3FD37B}.Release|Any CPU.ActiveCfg = Release|Any CPU
		{5633C20C-5628-4A33-A051-D09F8A3FD37B}.Release|Any CPU.Build.0 = Release|Any CPU
	EndGlobalSection
	GlobalSection(SolutionProperties) = preSolution
		HideSolutionNode = FALSE
	EndGlobalSection
	GlobalSection(ExtensibilityGlobals) = postSolution
		SolutionGuid = {BE25780C-241D-495E-AE76-F7C8021DB2B6}
	EndGlobalSection
EndGlobal
